
Microsoft Visual Studio Solution File, Format Version 12.00
# Visual Studio Version 17
VisualStudioVersion = 17.11.35208.52
MinimumVisualStudioVersion = 10.0.40219.1
Project("{FAE04EC0-301F-11D3-BF4B-00C04F79EFBC}") = "Burbuja", "Burbuja\Burbuja.csproj", "{107D4353-0F0E-44D1-8B20-01D3434E1FFE}"
EndProject
Project("{FAE04EC0-301F-11D3-BF4B-00C04F79EFBC}") = "Registro", "Registro\Registro.csproj", "{DDB2C107-5C0D-45F5-802D-6FBE32C19940}"
EndProject
Global
	GlobalSection(SolutionConfigurationPlatforms) = preSolution
		Debug|Any CPU = Debug|Any CPU
		Release|Any CPU = Release|Any CPU
	EndGlobalSection
	GlobalSection(ProjectConfigurationPlatforms) = postSolution
		{107D4353-0F0E-44D1-8B20-01D3434E1FFE}.Debug|Any CPU.ActiveCfg = Debug|Any CPU
		{107D4353-0F0E-44D1-8B20-01D3434E1FFE}.Debug|Any CPU.Build.0 = Debug|Any CPU
		{107D4353-0F0E-44D1-8B20-01D3434E1FFE}.Release|Any CPU.ActiveCfg = Release|Any CPU
		{107D4353-0F0E-44D1-8B20-01D3434E1FFE}.Release|Any CPU.Build.0 = Release|Any CPU
		{DDB2C107-5C0D-45F5-802D-6FBE32C19940}.Debug|Any CPU.ActiveCfg = Debug|Any CPU
		{DDB2C107-5C0D-45F5-802D-6FBE32C19940}.Debug|Any CPU.Build.0 = Debug|Any CPU
		{DDB2C107-5C0D-45F5-802D-6FBE32C19940}.Release|Any CPU.ActiveCfg = Release|Any CPU
		{DDB2C107-5C0D-45F5-802D-6FBE32C19940}.Release|Any CPU.Build.0 = Release|Any CPU
	EndGlobalSection
	GlobalSection(SolutionProperties) = preSolution
		HideSolutionNode = FALSE
	EndGlobalSection
	GlobalSection(ExtensibilityGlobals) = postSolution
		SolutionGuid = {22D34F8D-C2F6-41FD-A12B-A690E88DF4F6}
	EndGlobalSection
EndGlobal
